# This file is generated by running "yarn install" inside your project.
# Manual changes might be lost - proceed with caution!

__metadata:
  version: 6
  cacheKey: 8

"@nhcorrea/bump-version-cli@workspace:.":
  version: 0.0.0-use.local
  resolution: "@nhcorrea/bump-version-cli@workspace:."
  dependencies:
    "@tsconfig/node-lts": ^20.1.3
    "@types/figlet": ^1.5.8
    "@types/node": ^20.12.12
    commander: ^12.1.0
    figlet: ^1.7.0
    typescript: ^5.4.5
  bin:
    bump-version-cli: ./dist/index.js
  languageName: unknown
  linkType: soft

"@tsconfig/node-lts@npm:^20.1.3":
  version: 20.1.3
  resolution: "@tsconfig/node-lts@npm:20.1.3"
  checksum: c6d62e2dbc32764414e9b865103348a04facbe14a1d9439013d01e6b1220265e3d1cfdaafedba0d5ab9adba8e6fb190fb4ce9a8195253e8ed97b427d943e5dab
  languageName: node
  linkType: hard

"@types/figlet@npm:^1.5.8":
  version: 1.5.8
  resolution: "@types/figlet@npm:1.5.8"
  checksum: 06387a31fd35cc1eefb7252fad1dc7de518480ce5ab65b910d0963d96710001d0c1d2309a04847cfbb0b47ad90ea55752089388bc6310714ff60686756e31297
  languageName: node
  linkType: hard

"@types/node@npm:^20.12.12":
  version: 20.12.12
  resolution: "@types/node@npm:20.12.12"
  dependencies:
    undici-types: ~5.26.4
  checksum: 5373983874b9af7c216e7ca5d26b32a8d9829c703a69f1e66f2113598b5be8582c0e009ca97369f1ec9a6282b3f92812208d06eb1e9fc3bd9b939b022303d042
  languageName: node
  linkType: hard

"commander@npm:^12.1.0":
  version: 12.1.0
  resolution: "commander@npm:12.1.0"
  checksum: 68e9818b00fc1ed9cdab9eb16905551c2b768a317ae69a5e3c43924c2b20ac9bb65b27e1cab36aeda7b6496376d4da908996ba2c0b5d79463e0fb1e77935d514
  languageName: node
  linkType: hard

"figlet@npm:^1.7.0":
  version: 1.7.0
  resolution: "figlet@npm:1.7.0"
  bin:
    figlet: bin/index.js
  checksum: 3f61c2aeb13e48185a1b23598c005a6cd42cffcb01dd1ed0da80d692e14af5bfef774b99df6a840a6e4daa985b35d5ca0f085c471309bcdd6c06d6be58434ccf
  languageName: node
  linkType: hard

"typescript@npm:^5.4.5":
  version: 5.4.5
  resolution: "typescript@npm:5.4.5"
  bin:
    tsc: bin/tsc
    tsserver: bin/tsserver
  checksum: 53c879c6fa1e3bcb194b274d4501ba1985894b2c2692fa079db03c5a5a7140587a1e04e1ba03184605d35f439b40192d9e138eb3279ca8eee313c081c8bcd9b0
  languageName: node
  linkType: hard

"typescript@patch:typescript@^5.4.5#~builtin<compat/typescript>":
  version: 5.4.5
  resolution: "typescript@patch:typescript@npm%3A5.4.5#~builtin<compat/typescript>::version=5.4.5&hash=5adc0c"
  bin:
    tsc: bin/tsc
    tsserver: bin/tsserver
  checksum: d59e26e74f6b444517d0ba16e0ee16e75c652c2b49a59f2ebdbeb16647a855fd50c7fc786a58987e45f03bce0677092e2dd3333649fd53b11d0b0d271455837c
  languageName: node
  linkType: hard

"undici-types@npm:~5.26.4":
  version: 5.26.5
  resolution: "undici-types@npm:5.26.5"
  checksum: 3192ef6f3fd5df652f2dc1cd782b49d6ff14dc98e5dced492aa8a8c65425227da5da6aafe22523c67f035a272c599bb89cfe803c1db6311e44bed3042fc25487
  languageName: node
  linkType: hard
