// !$*UTF8*$!
{
    objects = {
        A100 /* Debug */ = {
            isa = XCBuildConfiguration;
            buildSettings = {
                CURRENT_PROJECT_VERSION = 41;
                MARKETING_VERSION = 1.2.3;
            };
        };
        A200 /* Release */ = {
            isa = XCBuildConfiguration;
            buildSettings = {
                CURRENT_PROJECT_VERSION = 42;
                MARKETING_VERSION = 1.2.4;
            };
        };
    };
}
